
Microsoft Visual Studio Solution File, Format Version 12.00
# Visual Studio Version 16
VisualStudioVersion = 16.0.31911.196
MinimumVisualStudioVersion = 10.0.40219.1
Project("{FAE04EC0-301F-11D3-BF4B-00C04F79EFBC}") = "feed-reader-app", "feed-reader-app\feed-reader-app.csproj", "{0FA1BB6E-09DF-4531-9F73-5A859A3DDCB8}"
EndProject
Global
	GlobalSection(SolutionConfigurationPlatforms) = preSolution
		Debug|Any CPU = Debug|Any CPU
		Release|Any CPU = Release|Any CPU
	EndGlobalSection
	GlobalSection(ProjectConfigurationPlatforms) = postSolution
		{0FA1BB6E-09DF-4531-9F73-5A859A3DDCB8}.Debug|Any CPU.ActiveCfg = Debug|Any CPU
		{0FA1BB6E-09DF-4531-9F73-5A859A3DDCB8}.Debug|Any CPU.Build.0 = Debug|Any CPU
		{0FA1BB6E-09DF-4531-9F73-5A859A3DDCB8}.Release|Any CPU.ActiveCfg = Release|Any CPU
		{0FA1BB6E-09DF-4531-9F73-5A859A3DDCB8}.Release|Any CPU.Build.0 = Release|Any CPU
	EndGlobalSection
	GlobalSection(SolutionProperties) = preSolution
		HideSolutionNode = FALSE
	EndGlobalSection
	GlobalSection(ExtensibilityGlobals) = postSolution
		SolutionGuid = {1D70A839-D9CD-4A4A-B93F-B553FEE77725}
	EndGlobalSection
EndGlobal
